
Microsoft Visual Studio Solution File, Format Version 12.00
# Visual Studio 15
Project("{FAE04EC0-301F-11D3-BF4B-00C04F79EFBC}") = "UnityEngine.TestRunner", "UnityEngine.TestRunner.csproj", "{B09D57CE-4107-2DF6-AA07-5F15AAD1F45E}"
EndProject
Project("{FAE04EC0-301F-11D3-BF4B-00C04F79EFBC}") = "Unity.Mathematics", "Unity.Mathematics.csproj", "{ACD78A71-3FC1-2915-6256-4831AF340847}"
EndProject
Project("{FAE04EC0-301F-11D3-BF4B-00C04F79EFBC}") = "Unity.2D.Animation.Triangle.Runtime", "Unity.2D.Animation.Triangle.Runtime.csproj", "{84587FEB-1A0B-045E-E28C-99F28E155BF5}"
EndProject
Project("{FAE04EC0-301F-11D3-BF4B-00C04F79EFBC}") = "Unity.Timeline", "Unity.Timeline.csproj", "{BA538531-61F9-6EBC-957C-AA7E6EF5230E}"
EndProject
Project("{FAE04EC0-301F-11D3-BF4B-00C04F79EFBC}") = "UnityEngine.UI", "UnityEngine.UI.csproj", "{BE1C0CDD-AC6A-25D4-D68B-365488FC61D9}"
EndProject
Project("{FAE04EC0-301F-11D3-BF4B-00C04F79EFBC}") = "Unity.TextMeshPro", "Unity.TextMeshPro.csproj", "{B30F690D-E60A-2FE7-A6D3-821A5E45CEAD}"
EndProject
Project("{FAE04EC0-301F-11D3-BF4B-00C04F79EFBC}") = "Unity.2D.Animation.Runtime", "Unity.2D.Animation.Runtime.csproj", "{41A3BB18-0595-D3A8-FE4B-E0077C7EE66B}"
EndProject
Project("{FAE04EC0-301F-11D3-BF4B-00C04F79EFBC}") = "Unity.2D.IK.Runtime", "Unity.2D.IK.Runtime.csproj", "{F75713CD-C561-E445-12FC-5F338BD1629E}"
EndProject
Project("{FAE04EC0-301F-11D3-BF4B-00C04F79EFBC}") = "Unity.2D.SpriteShape.Runtime", "Unity.2D.SpriteShape.Runtime.csproj", "{C6ABBAC8-5F37-13EB-6C88-D9E125D5E024}"
EndProject
Project("{FAE04EC0-301F-11D3-BF4B-00C04F79EFBC}") = "Unity.2D.PixelPerfect", "Unity.2D.PixelPerfect.csproj", "{76838CB4-6476-EDF5-D14E-D0D5901464B1}"
EndProject
Project("{FAE04EC0-301F-11D3-BF4B-00C04F79EFBC}") = "Unity.2D.Common.Runtime", "Unity.2D.Common.Runtime.csproj", "{F0B45D30-3402-FA83-1D73-87F7791FC2C4}"
EndProject
Project("{FAE04EC0-301F-11D3-BF4B-00C04F79EFBC}") = "Assembly-CSharp", "Assembly-CSharp.csproj", "{5398B4C2-D8F2-B7B7-F213-F93D313139C4}"
EndProject
Project("{FAE04EC0-301F-11D3-BF4B-00C04F79EFBC}") = "Unity.InternalAPIEngineBridge.001", "Unity.InternalAPIEngineBridge.001.csproj", "{CA5277D0-2194-3454-71D5-FE24AA21A37A}"
EndProject
Project("{FAE04EC0-301F-11D3-BF4B-00C04F79EFBC}") = "UnityEditor.TestRunner", "UnityEditor.TestRunner.csproj", "{B1EC01BE-670D-E41D-2E5B-828E20A0D8C6}"
EndProject
Project("{FAE04EC0-301F-11D3-BF4B-00C04F79EFBC}") = "Unity.PlasticSCM.Editor", "Unity.PlasticSCM.Editor.csproj", "{F75088A3-999C-557D-FF1D-D073CB16F5B2}"
EndProject
Project("{FAE04EC0-301F-11D3-BF4B-00C04F79EFBC}") = "UnityEditor.UI", "UnityEditor.UI.csproj", "{637D1CC9-2F89-9E52-A023-12BB68084F68}"
EndProject
Project("{FAE04EC0-301F-11D3-BF4B-00C04F79EFBC}") = "Unity.Timeline.Editor", "Unity.Timeline.Editor.csproj", "{6552467D-FA06-F7A9-E1D3-2605778269CF}"
EndProject
Project("{FAE04EC0-301F-11D3-BF4B-00C04F79EFBC}") = "Unity.VisualStudio.Editor", "Unity.VisualStudio.Editor.csproj", "{C18B171D-8FDE-BE63-7AD9-E9BEA5AE3A2F}"
EndProject
Project("{FAE04EC0-301F-11D3-BF4B-00C04F79EFBC}") = "Unity.2D.Psdimporter.Editor", "Unity.2D.Psdimporter.Editor.csproj", "{313E8C36-A8C7-267B-C259-259E027F3BAB}"
EndProject
Project("{FAE04EC0-301F-11D3-BF4B-00C04F79EFBC}") = "Unity.2D.Animation.Editor", "Unity.2D.Animation.Editor.csproj", "{C0D51940-BE8A-DBD5-BF9E-C3064A10F153}"
EndProject
Project("{FAE04EC0-301F-11D3-BF4B-00C04F79EFBC}") = "Unity.TextMeshPro.Editor", "Unity.TextMeshPro.Editor.csproj", "{01B7AAD9-55C1-99AA-D6E9-A820E1E690AD}"
EndProject
Project("{FAE04EC0-301F-11D3-BF4B-00C04F79EFBC}") = "Unity.2D.SpriteShape.Editor", "Unity.2D.SpriteShape.Editor.csproj", "{D9CAC80B-89CA-5112-68A1-A2AFFF7136E1}"
EndProject
Project("{FAE04EC0-301F-11D3-BF4B-00C04F79EFBC}") = "Unity.CollabProxy.Editor", "Unity.CollabProxy.Editor.csproj", "{C0C533C9-DCFB-35A3-DFB8-6BFAEF2B9392}"
EndProject
Project("{FAE04EC0-301F-11D3-BF4B-00C04F79EFBC}") = "PsdPlugin", "PsdPlugin.csproj", "{03C15CE1-BA32-E5FD-5C07-D918018935AF}"
EndProject
Project("{FAE04EC0-301F-11D3-BF4B-00C04F79EFBC}") = "Unity.2D.Path.Editor", "Unity.2D.Path.Editor.csproj", "{A5303036-2155-3160-9AAF-B2F91825F9AF}"
EndProject
Project("{FAE04EC0-301F-11D3-BF4B-00C04F79EFBC}") = "Unity.Rider.Editor", "Unity.Rider.Editor.csproj", "{CB291A6E-7348-4107-193C-A147114073E8}"
EndProject
Project("{FAE04EC0-301F-11D3-BF4B-00C04F79EFBC}") = "Unity.2D.IK.Editor", "Unity.2D.IK.Editor.csproj", "{A38D0D5A-EF63-8FC8-E320-4C9AC2682809}"
EndProject
Project("{FAE04EC0-301F-11D3-BF4B-00C04F79EFBC}") = "Unity.2D.Sprite.Editor", "Unity.2D.Sprite.Editor.csproj", "{FF413A02-B2A1-E8D5-A4A7-D8C899A881FA}"
EndProject
Project("{FAE04EC0-301F-11D3-BF4B-00C04F79EFBC}") = "Unity.2D.Tilemap.Editor", "Unity.2D.Tilemap.Editor.csproj", "{2F99E374-8034-466B-A298-0B60883F8C69}"
EndProject
Project("{FAE04EC0-301F-11D3-BF4B-00C04F79EFBC}") = "Unity.2D.PixelPerfect.Editor", "Unity.2D.PixelPerfect.Editor.csproj", "{6FAB500B-D686-92BF-D3C6-8A6BD91AFD30}"
EndProject
Project("{FAE04EC0-301F-11D3-BF4B-00C04F79EFBC}") = "Unity.VSCode.Editor", "Unity.VSCode.Editor.csproj", "{FA9D5EB0-8F3B-A0FA-E3E7-C79585E6E374}"
EndProject
Project("{FAE04EC0-301F-11D3-BF4B-00C04F79EFBC}") = "Unity.2D.Common.Editor", "Unity.2D.Common.Editor.csproj", "{24493EAC-AA73-DE03-48EA-C585EEC8F2FF}"
EndProject
Project("{FAE04EC0-301F-11D3-BF4B-00C04F79EFBC}") = "Unity.Mathematics.Editor", "Unity.Mathematics.Editor.csproj", "{3E7F87CE-BB2B-1F29-20AC-45119202FE6C}"
EndProject
Project("{FAE04EC0-301F-11D3-BF4B-00C04F79EFBC}") = "Unity.InternalAPIEditorBridge.001", "Unity.InternalAPIEditorBridge.001.csproj", "{3EFB8B46-1FC8-470E-826C-49ECCB449206}"
EndProject
Global
	GlobalSection(SolutionConfigurationPlatforms) = preSolution
		Debug|Any CPU = Debug|Any CPU
		Release|Any CPU = Release|Any CPU
	EndGlobalSection
	GlobalSection(ProjectConfigurationPlatforms) = postSolution
		{B09D57CE-4107-2DF6-AA07-5F15AAD1F45E}.Debug|Any CPU.ActiveCfg = Debug|Any CPU
		{B09D57CE-4107-2DF6-AA07-5F15AAD1F45E}.Debug|Any CPU.Build.0 = Debug|Any CPU
		{B09D57CE-4107-2DF6-AA07-5F15AAD1F45E}.Release|Any CPU.ActiveCfg = Release|Any CPU
		{B09D57CE-4107-2DF6-AA07-5F15AAD1F45E}.Release|Any CPU.Build.0 = Release|Any CPU
		{ACD78A71-3FC1-2915-6256-4831AF340847}.Debug|Any CPU.ActiveCfg = Debug|Any CPU
		{ACD78A71-3FC1-2915-6256-4831AF340847}.Debug|Any CPU.Build.0 = Debug|Any CPU
		{ACD78A71-3FC1-2915-6256-4831AF340847}.Release|Any CPU.ActiveCfg = Release|Any CPU
		{ACD78A71-3FC1-2915-6256-4831AF340847}.Release|Any CPU.Build.0 = Release|Any CPU
		{84587FEB-1A0B-045E-E28C-99F28E155BF5}.Debug|Any CPU.ActiveCfg = Debug|Any CPU
		{84587FEB-1A0B-045E-E28C-99F28E155BF5}.Debug|Any CPU.Build.0 = Debug|Any CPU
		{84587FEB-1A0B-045E-E28C-99F28E155BF5}.Release|Any CPU.ActiveCfg = Release|Any CPU
		{84587FEB-1A0B-045E-E28C-99F28E155BF5}.Release|Any CPU.Build.0 = Release|Any CPU
		{BA538531-61F9-6EBC-957C-AA7E6EF5230E}.Debug|Any CPU.ActiveCfg = Debug|Any CPU
		{BA538531-61F9-6EBC-957C-AA7E6EF5230E}.Debug|Any CPU.Build.0 = Debug|Any CPU
		{BA538531-61F9-6EBC-957C-AA7E6EF5230E}.Release|Any CPU.ActiveCfg = Release|Any CPU
		{BA538531-61F9-6EBC-957C-AA7E6EF5230E}.Release|Any CPU.Build.0 = Release|Any CPU
		{BE1C0CDD-AC6A-25D4-D68B-365488FC61D9}.Debug|Any CPU.ActiveCfg = Debug|Any CPU
		{BE1C0CDD-AC6A-25D4-D68B-365488FC61D9}.Debug|Any CPU.Build.0 = Debug|Any CPU
		{BE1C0CDD-AC6A-25D4-D68B-365488FC61D9}.Release|Any CPU.ActiveCfg = Release|Any CPU
		{BE1C0CDD-AC6A-25D4-D68B-365488FC61D9}.Release|Any CPU.Build.0 = Release|Any CPU
		{B30F690D-E60A-2FE7-A6D3-821A5E45CEAD}.Debug|Any CPU.ActiveCfg = Debug|Any CPU
		{B30F690D-E60A-2FE7-A6D3-821A5E45CEAD}.Debug|Any CPU.Build.0 = Debug|Any CPU
		{B30F690D-E60A-2FE7-A6D3-821A5E45CEAD}.Release|Any CPU.ActiveCfg = Release|Any CPU
		{B30F690D-E60A-2FE7-A6D3-821A5E45CEAD}.Release|Any CPU.Build.0 = Release|Any CPU
		{41A3BB18-0595-D3A8-FE4B-E0077C7EE66B}.Debug|Any CPU.ActiveCfg = Debug|Any CPU
		{41A3BB18-0595-D3A8-FE4B-E0077C7EE66B}.Debug|Any CPU.Build.0 = Debug|Any CPU
		{41A3BB18-0595-D3A8-FE4B-E0077C7EE66B}.Release|Any CPU.ActiveCfg = Release|Any CPU
		{41A3BB18-0595-D3A8-FE4B-E0077C7EE66B}.Release|Any CPU.Build.0 = Release|Any CPU
		{F75713CD-C561-E445-12FC-5F338BD1629E}.Debug|Any CPU.ActiveCfg = Debug|Any CPU
		{F75713CD-C561-E445-12FC-5F338BD1629E}.Debug|Any CPU.Build.0 = Debug|Any CPU
		{F75713CD-C561-E445-12FC-5F338BD1629E}.Release|Any CPU.ActiveCfg = Release|Any CPU
		{F75713CD-C561-E445-12FC-5F338BD1629E}.Release|Any CPU.Build.0 = Release|Any CPU
		{C6ABBAC8-5F37-13EB-6C88-D9E125D5E024}.Debug|Any CPU.ActiveCfg = Debug|Any CPU
		{C6ABBAC8-5F37-13EB-6C88-D9E125D5E024}.Debug|Any CPU.Build.0 = Debug|Any CPU
		{C6ABBAC8-5F37-13EB-6C88-D9E125D5E024}.Release|Any CPU.ActiveCfg = Release|Any CPU
		{C6ABBAC8-5F37-13EB-6C88-D9E125D5E024}.Release|Any CPU.Build.0 = Release|Any CPU
		{76838CB4-6476-EDF5-D14E-D0D5901464B1}.Debug|Any CPU.ActiveCfg = Debug|Any CPU
		{76838CB4-6476-EDF5-D14E-D0D5901464B1}.Debug|Any CPU.Build.0 = Debug|Any CPU
		{76838CB4-6476-EDF5-D14E-D0D5901464B1}.Release|Any CPU.ActiveCfg = Release|Any CPU
		{76838CB4-6476-EDF5-D14E-D0D5901464B1}.Release|Any CPU.Build.0 = Release|Any CPU
		{F0B45D30-3402-FA83-1D73-87F7791FC2C4}.Debug|Any CPU.ActiveCfg = Debug|Any CPU
		{F0B45D30-3402-FA83-1D73-87F7791FC2C4}.Debug|Any CPU.Build.0 = Debug|Any CPU
		{F0B45D30-3402-FA83-1D73-87F7791FC2C4}.Release|Any CPU.ActiveCfg = Release|Any CPU
		{F0B45D30-3402-FA83-1D73-87F7791FC2C4}.Release|Any CPU.Build.0 = Release|Any CPU
		{5398B4C2-D8F2-B7B7-F213-F93D313139C4}.Debug|Any CPU.ActiveCfg = Debug|Any CPU
		{5398B4C2-D8F2-B7B7-F213-F93D313139C4}.Debug|Any CPU.Build.0 = Debug|Any CPU
		{5398B4C2-D8F2-B7B7-F213-F93D313139C4}.Release|Any CPU.ActiveCfg = Release|Any CPU
		{5398B4C2-D8F2-B7B7-F213-F93D313139C4}.Release|Any CPU.Build.0 = Release|Any CPU
		{CA5277D0-2194-3454-71D5-FE24AA21A37A}.Debug|Any CPU.ActiveCfg = Debug|Any CPU
		{CA5277D0-2194-3454-71D5-FE24AA21A37A}.Debug|Any CPU.Build.0 = Debug|Any CPU
		{CA5277D0-2194-3454-71D5-FE24AA21A37A}.Release|Any CPU.ActiveCfg = Release|Any CPU
		{CA5277D0-2194-3454-71D5-FE24AA21A37A}.Release|Any CPU.Build.0 = Release|Any CPU
		{B1EC01BE-670D-E41D-2E5B-828E20A0D8C6}.Debug|Any CPU.ActiveCfg = Debug|Any CPU
		{B1EC01BE-670D-E41D-2E5B-828E20A0D8C6}.Debug|Any CPU.Build.0 = Debug|Any CPU
		{B1EC01BE-670D-E41D-2E5B-828E20A0D8C6}.Release|Any CPU.ActiveCfg = Release|Any CPU
		{B1EC01BE-670D-E41D-2E5B-828E20A0D8C6}.Release|Any CPU.Build.0 = Release|Any CPU
		{F75088A3-999C-557D-FF1D-D073CB16F5B2}.Debug|Any CPU.ActiveCfg = Debug|Any CPU
		{F75088A3-999C-557D-FF1D-D073CB16F5B2}.Debug|Any CPU.Build.0 = Debug|Any CPU
		{F75088A3-999C-557D-FF1D-D073CB16F5B2}.Release|Any CPU.ActiveCfg = Release|Any CPU
		{F75088A3-999C-557D-FF1D-D073CB16F5B2}.Release|Any CPU.Build.0 = Release|Any CPU
		{637D1CC9-2F89-9E52-A023-12BB68084F68}.Debug|Any CPU.ActiveCfg = Debug|Any CPU
		{637D1CC9-2F89-9E52-A023-12BB68084F68}.Debug|Any CPU.Build.0 = Debug|Any CPU
		{637D1CC9-2F89-9E52-A023-12BB68084F68}.Release|Any CPU.ActiveCfg = Release|Any CPU
		{637D1CC9-2F89-9E52-A023-12BB68084F68}.Release|Any CPU.Build.0 = Release|Any CPU
		{6552467D-FA06-F7A9-E1D3-2605778269CF}.Debug|Any CPU.ActiveCfg = Debug|Any CPU
		{6552467D-FA06-F7A9-E1D3-2605778269CF}.Debug|Any CPU.Build.0 = Debug|Any CPU
		{6552467D-FA06-F7A9-E1D3-2605778269CF}.Release|Any CPU.ActiveCfg = Release|Any CPU
		{6552467D-FA06-F7A9-E1D3-2605778269CF}.Release|Any CPU.Build.0 = Release|Any CPU
		{C18B171D-8FDE-BE63-7AD9-E9BEA5AE3A2F}.Debug|Any CPU.ActiveCfg = Debug|Any CPU
		{C18B171D-8FDE-BE63-7AD9-E9BEA5AE3A2F}.Debug|Any CPU.Build.0 = Debug|Any CPU
		{C18B171D-8FDE-BE63-7AD9-E9BEA5AE3A2F}.Release|Any CPU.ActiveCfg = Release|Any CPU
		{C18B171D-8FDE-BE63-7AD9-E9BEA5AE3A2F}.Release|Any CPU.Build.0 = Release|Any CPU
		{313E8C36-A8C7-267B-C259-259E027F3BAB}.Debug|Any CPU.ActiveCfg = Debug|Any CPU
		{313E8C36-A8C7-267B-C259-259E027F3BAB}.Debug|Any CPU.Build.0 = Debug|Any CPU
		{313E8C36-A8C7-267B-C259-259E027F3BAB}.Release|Any CPU.ActiveCfg = Release|Any CPU
		{313E8C36-A8C7-267B-C259-259E027F3BAB}.Release|Any CPU.Build.0 = Release|Any CPU
		{C0D51940-BE8A-DBD5-BF9E-C3064A10F153}.Debug|Any CPU.ActiveCfg = Debug|Any CPU
		{C0D51940-BE8A-DBD5-BF9E-C3064A10F153}.Debug|Any CPU.Build.0 = Debug|Any CPU
		{C0D51940-BE8A-DBD5-BF9E-C3064A10F153}.Release|Any CPU.ActiveCfg = Release|Any CPU
		{C0D51940-BE8A-DBD5-BF9E-C3064A10F153}.Release|Any CPU.Build.0 = Release|Any CPU
		{01B7AAD9-55C1-99AA-D6E9-A820E1E690AD}.Debug|Any CPU.ActiveCfg = Debug|Any CPU
		{01B7AAD9-55C1-99AA-D6E9-A820E1E690AD}.Debug|Any CPU.Build.0 = Debug|Any CPU
		{01B7AAD9-55C1-99AA-D6E9-A820E1E690AD}.Release|Any CPU.ActiveCfg = Release|Any CPU
		{01B7AAD9-55C1-99AA-D6E9-A820E1E690AD}.Release|Any CPU.Build.0 = Release|Any CPU
		{D9CAC80B-89CA-5112-68A1-A2AFFF7136E1}.Debug|Any CPU.ActiveCfg = Debug|Any CPU
		{D9CAC80B-89CA-5112-68A1-A2AFFF7136E1}.Debug|Any CPU.Build.0 = Debug|Any CPU
		{D9CAC80B-89CA-5112-68A1-A2AFFF7136E1}.Release|Any CPU.ActiveCfg = Release|Any CPU
		{D9CAC80B-89CA-5112-68A1-A2AFFF7136E1}.Release|Any CPU.Build.0 = Release|Any CPU
		{C0C533C9-DCFB-35A3-DFB8-6BFAEF2B9392}.Debug|Any CPU.ActiveCfg = Debug|Any CPU
		{C0C533C9-DCFB-35A3-DFB8-6BFAEF2B9392}.Debug|Any CPU.Build.0 = Debug|Any CPU
		{C0C533C9-DCFB-35A3-DFB8-6BFAEF2B9392}.Release|Any CPU.ActiveCfg = Release|Any CPU
		{C0C533C9-DCFB-35A3-DFB8-6BFAEF2B9392}.Release|Any CPU.Build.0 = Release|Any CPU
		{03C15CE1-BA32-E5FD-5C07-D918018935AF}.Debug|Any CPU.ActiveCfg = Debug|Any CPU
		{03C15CE1-BA32-E5FD-5C07-D918018935AF}.Debug|Any CPU.Build.0 = Debug|Any CPU
		{03C15CE1-BA32-E5FD-5C07-D918018935AF}.Release|Any CPU.ActiveCfg = Release|Any CPU
		{03C15CE1-BA32-E5FD-5C07-D918018935AF}.Release|Any CPU.Build.0 = Release|Any CPU
		{A5303036-2155-3160-9AAF-B2F91825F9AF}.Debug|Any CPU.ActiveCfg = Debug|Any CPU
		{A5303036-2155-3160-9AAF-B2F91825F9AF}.Debug|Any CPU.Build.0 = Debug|Any CPU
		{A5303036-2155-3160-9AAF-B2F91825F9AF}.Release|Any CPU.ActiveCfg = Release|Any CPU
		{A5303036-2155-3160-9AAF-B2F91825F9AF}.Release|Any CPU.Build.0 = Release|Any CPU
		{CB291A6E-7348-4107-193C-A147114073E8}.Debug|Any CPU.ActiveCfg = Debug|Any CPU
		{CB291A6E-7348-4107-193C-A147114073E8}.Debug|Any CPU.Build.0 = Debug|Any CPU
		{CB291A6E-7348-4107-193C-A147114073E8}.Release|Any CPU.ActiveCfg = Release|Any CPU
		{CB291A6E-7348-4107-193C-A147114073E8}.Release|Any CPU.Build.0 = Release|Any CPU
		{A38D0D5A-EF63-8FC8-E320-4C9AC2682809}.Debug|Any CPU.ActiveCfg = Debug|Any CPU
		{A38D0D5A-EF63-8FC8-E320-4C9AC2682809}.Debug|Any CPU.Build.0 = Debug|Any CPU
		{A38D0D5A-EF63-8FC8-E320-4C9AC2682809}.Release|Any CPU.ActiveCfg = Release|Any CPU
		{A38D0D5A-EF63-8FC8-E320-4C9AC2682809}.Release|Any CPU.Build.0 = Release|Any CPU
		{FF413A02-B2A1-E8D5-A4A7-D8C899A881FA}.Debug|Any CPU.ActiveCfg = Debug|Any CPU
		{FF413A02-B2A1-E8D5-A4A7-D8C899A881FA}.Debug|Any CPU.Build.0 = Debug|Any CPU
		{FF413A02-B2A1-E8D5-A4A7-D8C899A881FA}.Release|Any CPU.ActiveCfg = Release|Any CPU
		{FF413A02-B2A1-E8D5-A4A7-D8C899A881FA}.Release|Any CPU.Build.0 = Release|Any CPU
		{2F99E374-8034-466B-A298-0B60883F8C69}.Debug|Any CPU.ActiveCfg = Debug|Any CPU
		{2F99E374-8034-466B-A298-0B60883F8C69}.Debug|Any CPU.Build.0 = Debug|Any CPU
		{2F99E374-8034-466B-A298-0B60883F8C69}.Release|Any CPU.ActiveCfg = Release|Any CPU
		{2F99E374-8034-466B-A298-0B60883F8C69}.Release|Any CPU.Build.0 = Release|Any CPU
		{6FAB500B-D686-92BF-D3C6-8A6BD91AFD30}.Debug|Any CPU.ActiveCfg = Debug|Any CPU
		{6FAB500B-D686-92BF-D3C6-8A6BD91AFD30}.Debug|Any CPU.Build.0 = Debug|Any CPU
		{6FAB500B-D686-92BF-D3C6-8A6BD91AFD30}.Release|Any CPU.ActiveCfg = Release|Any CPU
		{6FAB500B-D686-92BF-D3C6-8A6BD91AFD30}.Release|Any CPU.Build.0 = Release|Any CPU
		{FA9D5EB0-8F3B-A0FA-E3E7-C79585E6E374}.Debug|Any CPU.ActiveCfg = Debug|Any CPU
		{FA9D5EB0-8F3B-A0FA-E3E7-C79585E6E374}.Debug|Any CPU.Build.0 = Debug|Any CPU
		{FA9D5EB0-8F3B-A0FA-E3E7-C79585E6E374}.Release|Any CPU.ActiveCfg = Release|Any CPU
		{FA9D5EB0-8F3B-A0FA-E3E7-C79585E6E374}.Release|Any CPU.Build.0 = Release|Any CPU
		{24493EAC-AA73-DE03-48EA-C585EEC8F2FF}.Debug|Any CPU.ActiveCfg = Debug|Any CPU
		{24493EAC-AA73-DE03-48EA-C585EEC8F2FF}.Debug|Any CPU.Build.0 = Debug|Any CPU
		{24493EAC-AA73-DE03-48EA-C585EEC8F2FF}.Release|Any CPU.ActiveCfg = Release|Any CPU
		{24493EAC-AA73-DE03-48EA-C585EEC8F2FF}.Release|Any CPU.Build.0 = Release|Any CPU
		{3E7F87CE-BB2B-1F29-20AC-45119202FE6C}.Debug|Any CPU.ActiveCfg = Debug|Any CPU
		{3E7F87CE-BB2B-1F29-20AC-45119202FE6C}.Debug|Any CPU.Build.0 = Debug|Any CPU
		{3E7F87CE-BB2B-1F29-20AC-45119202FE6C}.Release|Any CPU.ActiveCfg = Release|Any CPU
		{3E7F87CE-BB2B-1F29-20AC-45119202FE6C}.Release|Any CPU.Build.0 = Release|Any CPU
		{3EFB8B46-1FC8-470E-826C-49ECCB449206}.Debug|Any CPU.ActiveCfg = Debug|Any CPU
		{3EFB8B46-1FC8-470E-826C-49ECCB449206}.Debug|Any CPU.Build.0 = Debug|Any CPU
		{3EFB8B46-1FC8-470E-826C-49ECCB449206}.Release|Any CPU.ActiveCfg = Release|Any CPU
		{3EFB8B46-1FC8-470E-826C-49ECCB449206}.Release|Any CPU.Build.0 = Release|Any CPU
	EndGlobalSection
	GlobalSection(SolutionProperties) = preSolution
		HideSolutionNode = FALSE
	EndGlobalSection
EndGlobal
